
Microsoft Visual Studio Solution File, Format Version 12.00
# Visual Studio Version 16
VisualStudioVersion = 16.0.31410.357
MinimumVisualStudioVersion = 10.0.40219.1
Project("{FAE04EC0-301F-11D3-BF4B-00C04F79EFBC}") = "DemoWebApi", "DemoWebApi\DemoWebApi.csproj", "{BE838347-45C4-4EF2-9CE9-42A2F33A2C30}"
EndProject
Project("{2150E333-8FDC-42A3-9474-1A3956D46DE8}") = "Shared", "Shared", "{DC77C3DD-316E-4983-92A3-554B442E456E}"
EndProject
Project("{FAE04EC0-301F-11D3-BF4B-00C04F79EFBC}") = "Shared", "Shared\Shared.csproj", "{BB84913E-9108-45EE-8D9B-57776527C4F1}"
EndProject
Global
	GlobalSection(SolutionConfigurationPlatforms) = preSolution
		Debug|Any CPU = Debug|Any CPU
		Release|Any CPU = Release|Any CPU
	EndGlobalSection
	GlobalSection(ProjectConfigurationPlatforms) = postSolution
		{BE838347-45C4-4EF2-9CE9-42A2F33A2C30}.Debug|Any CPU.ActiveCfg = Debug|Any CPU
		{BE838347-45C4-4EF2-9CE9-42A2F33A2C30}.Debug|Any CPU.Build.0 = Debug|Any CPU
		{BE838347-45C4-4EF2-9CE9-42A2F33A2C30}.Release|Any CPU.ActiveCfg = Release|Any CPU
		{BE838347-45C4-4EF2-9CE9-42A2F33A2C30}.Release|Any CPU.Build.0 = Release|Any CPU
		{BB84913E-9108-45EE-8D9B-57776527C4F1}.Debug|Any CPU.ActiveCfg = Debug|Any CPU
		{BB84913E-9108-45EE-8D9B-57776527C4F1}.Debug|Any CPU.Build.0 = Debug|Any CPU
		{BB84913E-9108-45EE-8D9B-57776527C4F1}.Release|Any CPU.ActiveCfg = Release|Any CPU
		{BB84913E-9108-45EE-8D9B-57776527C4F1}.Release|Any CPU.Build.0 = Release|Any CPU
	EndGlobalSection
	GlobalSection(SolutionProperties) = preSolution
		HideSolutionNode = FALSE
	EndGlobalSection
	GlobalSection(NestedProjects) = preSolution
		{BB84913E-9108-45EE-8D9B-57776527C4F1} = {DC77C3DD-316E-4983-92A3-554B442E456E}
	EndGlobalSection
	GlobalSection(ExtensibilityGlobals) = postSolution
		SolutionGuid = {A83C3B11-6284-4DDA-B40C-DAC5DACBCB99}
	EndGlobalSection
EndGlobal
